lockfileVersion: '9.0'

settings:
  autoInstallPeers: true
  excludeLinksFromLockfile: false

importers:

  .:
    devDependencies:
      turbo:
        specifier: ^2.3.0
        version: 2.8.9
      typescript:
        specifier: ^5.5.0
        version: 5.9.3

  packages/core:
    dependencies:
      '@quotidian-ui/tokens':
        specifier: workspace:*
        version: link:../tokens
      react:
        specifier: ^18.0.0 || ^19.0.0
        version: 19.2.4
      react-dom:
        specifier: ^18.0.0 || ^19.0.0
        version: 19.2.4(react@19.2.4)

  packages/docs:
    dependencies:
      '@quotidian-ui/core':
        specifier: workspace:*
        version: link:../core
      '@quotidian-ui/tokens':
        specifier: workspace:*
        version: link:../tokens

  packages/tokens:
    devDependencies:
      style-dictionary:
        specifier: ^5.3.1
        version: 5.3.1(tslib@2.8.1)

packages:

  '@bundled-es-modules/deepmerge@4.3.1':
    resolution: {integrity: sha512-Rk453EklPUPC3NRWc3VUNI/SSUjdBaFoaQvFRmNBNtMHVtOFD5AntiWg5kEE1hqcPqedYFDzxE3ZcMYPcA195w==}

  '@bundled-es-modules/glob@13.0.3':
    resolution: {integrity: sha512-eFev/9WFIhDf7XWwDQut7SOjFacVD3kYrkP6OXQBhmU/S/YmPEM/E3p3Mc1xCjSwIhmoMkM+9wnvqqd5ctsB9g==}

  '@bundled-es-modules/memfs@4.17.0':
    resolution: {integrity: sha512-ykdrkEmQr9BV804yd37ikXfNnvxrwYfY9Z2/EtMHFEFadEjsQXJ1zL9bVZrKNLDtm91UdUOEHso6Aweg93K6xQ==}

  '@isaacs/cliui@9.0.0':
    resolution: {integrity: sha512-AokJm4tuBHillT+FpMtxQ60n8ObyXBatq7jD2/JA9dxbDDokKQm8KMht5ibGzLVU9IJDIKK4TPKgMHEYMn3lMg==}
    engines: {node: '>=18'}

  '@jsonjoy.com/base64@1.1.2':
    resolution: {integrity: sha512-q6XAnWQDIMA3+FTiOYajoYqySkO+JSat0ytXGSuRdq9uXE7o92gzuQwQM14xaCRlBLGq3v5miDGC4vkVTn54xA==}
    engines: {node: '>=10.0'}
    peerDependencies:
      tslib: '2'

  '@jsonjoy.com/base64@17.67.0':
    resolution: {integrity: sha512-5SEsJGsm15aP8TQGkDfJvz9axgPwAEm98S5DxOuYe8e1EbfajcDmgeXXzccEjh+mLnjqEKrkBdjHWS5vFNwDdw==}
    engines: {node: '>=10.0'}
    peerDependencies:
      tslib: '2'

  '@jsonjoy.com/buffers@1.2.1':
    resolution: {integrity: sha512-12cdlDwX4RUM3QxmUbVJWqZ/mrK6dFQH4Zxq6+r1YXKXYBNgZXndx2qbCJwh3+WWkCSn67IjnlG3XYTvmvYtgA==}
    engines: {node: '>=10.0'}
    peerDependencies:
      tslib: '2'

  '@jsonjoy.com/buffers@17.67.0':
    resolution: {integrity: sha512-tfExRpYxBvi32vPs9ZHaTjSP4fHAfzSmcahOfNxtvGHcyJel+aibkPlGeBB+7AoC6hL7lXIE++8okecBxx7lcw==}
    engines: {node: '>=10.0'}
    peerDependencies:
      tslib: '2'

  '@jsonjoy.com/codegen@1.0.0':
    resolution: {integrity: sha512-E8Oy+08cmCf0EK/NMxpaJZmOxPqM+6iSe2S4nlSBrPZOORoDJILxtbSUEDKQyTamm/BVAhIGllOBNU79/dwf0g==}
    engines: {node: '>=10.0'}
    peerDependencies:
      tslib: '2'

  '@jsonjoy.com/codegen@17.67.0':
    resolution: {integrity: sha512-idnkUplROpdBOV0HMcwhsCUS5TRUi9poagdGs70A6S4ux9+/aPuKbh8+UYRTLYQHtXvAdNfQWXDqZEx5k4Dj2Q==}
    engines: {node: '>=10.0'}
    peerDependencies:
      tslib: '2'

  '@jsonjoy.com/fs-core@4.56.10':
    resolution: {integrity: sha512-PyAEA/3cnHhsGcdY+AmIU+ZPqTuZkDhCXQ2wkXypdLitSpd6d5Ivxhnq4wa2ETRWFVJGabYynBWxIijOswSmOw==}
    engines: {node: '>=10.0'}
    peerDependencies:
      tslib: '2'

  '@jsonjoy.com/fs-fsa@4.56.10':
    resolution: {integrity: sha512-/FVK63ysNzTPOnCCcPoPHt77TOmachdMS422txM4KhxddLdbW1fIbFMYH0AM0ow/YchCyS5gqEjKLNyv71j/5Q==}
    engines: {node: '>=10.0'}
    peerDependencies:
      tslib: '2'

  '@jsonjoy.com/fs-node-builtins@4.56.10':
    resolution: {integrity: sha512-uUnKz8R0YJyKq5jXpZtkGV9U0pJDt8hmYcLRrPjROheIfjMXsz82kXMgAA/qNg0wrZ1Kv+hrg7azqEZx6XZCVw==}
    engines: {node: '>=10.0'}
    peerDependencies:
      tslib: '2'

  '@jsonjoy.com/fs-node-to-fsa@4.56.10':
    resolution: {integrity: sha512-oH+O6Y4lhn9NyG6aEoFwIBNKZeYy66toP5LJcDOMBgL99BKQMUf/zWJspdRhMdn/3hbzQsZ8EHHsuekbFLGUWw==}
    engines: {node: '>=10.0'}
    peerDependencies:
      tslib: '2'

  '@jsonjoy.com/fs-node-utils@4.56.10':
    resolution: {integrity: sha512-8EuPBgVI2aDPwFdaNQeNpHsyqPi3rr+85tMNG/lHvQLiVjzoZsvxA//Xd8aB567LUhy4QS03ptT+unkD/DIsNg==}
    engines: {node: '>=10.0'}
    peerDependencies:
      tslib: '2'

  '@jsonjoy.com/fs-node@4.56.10':
    resolution: {integrity: sha512-7R4Gv3tkUdW3dXfXiOkqxkElxKNVdd8BDOWC0/dbERd0pXpPY+s2s1Mino+aTvkGrFPiY+mmVxA7zhskm4Ue4Q==}
    engines: {node: '>=10.0'}
    peerDependencies:
      tslib: '2'

  '@jsonjoy.com/fs-print@4.56.10':
    resolution: {integrity: sha512-JW4fp5mAYepzFsSGrQ48ep8FXxpg4niFWHdF78wDrFGof7F3tKDJln72QFDEn/27M1yHd4v7sKHHVPh78aWcEw==}
    engines: {node: '>=10.0'}
    peerDependencies:
      tslib: '2'

  '@jsonjoy.com/fs-snapshot@4.56.10':
    resolution: {integrity: sha512-DkR6l5fj7+qj0+fVKm/OOXMGfDFCGXLfyHkORH3DF8hxkpDgIHbhf/DwncBMs2igu/ST7OEkexn1gIqoU6Y+9g==}
    engines: {node: '>=10.0'}
    peerDependencies:
      tslib: '2'

  '@jsonjoy.com/json-pack@1.21.0':
    resolution: {integrity: sha512-+AKG+R2cfZMShzrF2uQw34v3zbeDYUqnQ+jg7ORic3BGtfw9p/+N6RJbq/kkV8JmYZaINknaEQ2m0/f693ZPpg==}
    engines: {node: '>=10.0'}
    peerDependencies:
      tslib: '2'

  '@jsonjoy.com/json-pack@17.67.0':
    resolution: {integrity: sha512-t0ejURcGaZsn1ClbJ/3kFqSOjlryd92eQY465IYrezsXmPcfHPE/av4twRSxf6WE+TkZgLY+71vCZbiIiFKA/w==}
    engines: {node: '>=10.0'}
    peerDependencies:
      tslib: '2'

  '@jsonjoy.com/json-pointer@1.0.2':
    resolution: {integrity: sha512-Fsn6wM2zlDzY1U+v4Nc8bo3bVqgfNTGcn6dMgs6FjrEnt4ZCe60o6ByKRjOGlI2gow0aE/Q41QOigdTqkyK5fg==}
    engines: {node: '>=10.0'}
    peerDependencies:
      tslib: '2'

  '@jsonjoy.com/json-pointer@17.67.0':
    resolution: {integrity: sha512-+iqOFInH+QZGmSuaybBUNdh7yvNrXvqR+h3wjXm0N/3JK1EyyFAeGJvqnmQL61d1ARLlk/wJdFKSL+LHJ1eaUA==}
    engines: {node: '>=10.0'}
    peerDependencies:
      tslib: '2'

  '@jsonjoy.com/util@1.9.0':
    resolution: {integrity: sha512-pLuQo+VPRnN8hfPqUTLTHk126wuYdXVxE6aDmjSeV4NCAgyxWbiOIeNJVtID3h1Vzpoi9m4jXezf73I6LgabgQ==}
    engines: {node: '>=10.0'}
    peerDependencies:
      tslib: '2'

  '@jsonjoy.com/util@17.67.0':
    resolution: {integrity: sha512-6+8xBaz1rLSohlGh68D1pdw3AwDi9xydm8QNlAFkvnavCJYSze+pxoW2VKP8p308jtlMRLs5NTHfPlZLd4w7ew==}
    engines: {node: '>=10.0'}
    peerDependencies:
      tslib: '2'

  '@zip.js/zip.js@2.8.20':
    resolution: {integrity: sha512-oJzVhK9gnSKD++WLG37QEgeTgm5W8XUYmNv0EhOxytSr85vXn9EMpOoKNTK3yWDLa55Z0MovKW/6RNeh9OUmnA==}
    engines: {bun: '>=0.7.0', deno: '>=1.0.0', node: '>=18.0.0'}

  assert@2.1.0:
    resolution: {integrity: sha512-eLHpSK/Y4nhMJ07gDaAzoX/XAKS8PSaojml3M0DM4JpV1LAi5JOJ/p6H/XWrl8L+DzVEvVCW1z3vWAaB9oTsQw==}

  available-typed-arrays@1.0.7:
    resolution: {integrity: sha512-wvUjBtSGN7+7SjNpq/9M2Tg350UZD3q62IFZLbRAR1bSMlCo1ZaeW+BJ+D090e4hIIZLBcTDWe4Mh4jvUDajzQ==}
    engines: {node: '>= 0.4'}

  balanced-match@4.0.2:
    resolution: {integrity: sha512-x0K50QvKQ97fdEz2kPehIerj+YTeptKF9hyYkKf6egnwmMWAkADiO0QCzSp0R5xN8FTZgYaBfSaue46Ej62nMg==}
    engines: {node: 20 || >=22}

  base64-js@1.5.1:
    resolution: {integrity: sha512-AKpaYlHn8t4SVbOHCy+b5+KKgvR4vrsD8vbvrbiQJps7fKDTkjkDry6ji0rUJjC0kzbNePLwzxq8iypo41qeWA==}

  brace-expansion@5.0.2:
    resolution: {integrity: sha512-Pdk8c9poy+YhOgVWw1JNN22/HcivgKWwpxKq04M/jTmHyCZn12WPJebZxdjSa5TmBqISrUSgNYU3eRORljfCCw==}
    engines: {node: 20 || >=22}

  buffer@6.0.3:
    resolution: {integrity: sha512-FTiCpNxtwiZZHEZbcbTIcZjERVICn9yq/pDFkTl95/AxzD1naBctN7YO68riM/gLSDY7sdrMby8hofADYuuqOA==}

  call-bind-apply-helpers@1.0.2:
    resolution: {integrity: sha512-Sp1ablJ0ivDkSzjcaJdxEunN5/XvksFJ2sMBFfq6x0ryhQV/2b/KwFe21cMpmHtPOSij8K99/wSfoEuTObmuMQ==}
    engines: {node: '>= 0.4'}

  call-bind@1.0.8:
    resolution: {integrity: sha512-oKlSFMcMwpUg2ednkhQ454wfWiU/ul3CkJe/PEHcTKuiX6RpbehUiFMXu13HalGZxfUwCQzZG747YXBn1im9ww==}
    engines: {node: '>= 0.4'}

  call-bound@1.0.4:
    resolution: {integrity: sha512-+ys997U96po4Kx/ABpBCqhA9EuxJaQWDQg7295H4hBphv3IZg0boBKuwYpt4YXp6MZ5AmZQnU/tyMTlRpaSejg==}
    engines: {node: '>= 0.4'}

  chalk@5.6.2:
    resolution: {integrity: sha512-7NzBL0rN6fMUW+f7A6Io4h40qQlG+xGmtMxfbnH/K7TAtt8JQWVQK+6g0UXKMeVJoyV5EkkNsErQ8pVD3bLHbA==}
    engines: {node: ^12.17.0 || ^14.13 || >=16.0.0}

  change-case@5.4.4:
    resolution: {integrity: sha512-HRQyTk2/YPEkt9TnUPbOpr64Uw3KOicFWPVBb+xiHvd6eBx/qPr9xqfBFDT8P2vWsvvz4jbEkfDe71W3VyNu2w==}

  colorjs.io@0.5.2:
    resolution: {integrity: sha512-twmVoizEW7ylZSN32OgKdXRmo1qg+wT5/6C3xu5b9QsWzSFAhHLn2xd8ro0diCsKfCj1RdaTP/nrcW+vAoQPIw==}

  commander@12.1.0:
    resolution: {integrity: sha512-Vw8qHK3bZM9y/P10u3Vib8o/DdkvA2OtPtZvD871QKjy74Wj1WSKFILMPRPSdUSx5RFK1arlJzEtA4PkFgnbuA==}
    engines: {node: '>=18'}

  component-emitter@2.0.0:
    resolution: {integrity: sha512-4m5s3Me2xxlVKG9PkZpQqHQR7bgpnN7joDMJ4yvVkVXngjoITG76IaZmzmywSeRTeTpc6N6r3H3+KyUurV8OYw==}
    engines: {node: '>=18'}

  deepmerge@4.3.1:
    resolution: {integrity: sha512-3sUqbMEc77XqpdNO7FRyRog+eW3ph+GYCbj+rK+uYyRMuwsVy0rMiVtPn+QJlKFvWP/1PYpapqYn0Me2knFn+A==}
    engines: {node: '>=0.10.0'}

  define-data-property@1.1.4:
    resolution: {integrity: sha512-rBMvIzlpA8v6E+SJZoo++HAYqsLrkg7MSfIinMPFhmkorw7X+dOXVJQs+QT69zGkzMyfDnIMN2Wid1+NbL3T+A==}
    engines: {node: '>= 0.4'}

  define-properties@1.2.1:
    resolution: {integrity: sha512-8QmQKqEASLd5nx0U1B1okLElbUuuttJ/AnYmRXbbbGDWh6uS208EjD4Xqq/I9wK7u0v6O08XhTWnt5XtEbR6Dg==}
    engines: {node: '>= 0.4'}

  dunder-proto@1.0.1:
    resolution: {integrity: sha512-KIN/nDJBQRcXw0MLVhZE9iQHmG68qAVIBg9CqmUYjmQIhgij9U5MFvrqkUL5FbtyyzZuOeOt0zdeRe4UY7ct+A==}
    engines: {node: '>= 0.4'}

  es-define-property@1.0.1:
    resolution: {integrity: sha512-e3nRfgfUZ4rNGL232gUgX06QNyyez04KdjFrF+LTRoOXmrOgFKDg4BCdsjW8EnT69eqdYGmRpJwiPVYNrCaW3g==}
    engines: {node: '>= 0.4'}

  es-errors@1.3.0:
    resolution: {integrity: sha512-Zf5H2Kxt2xjTvbJvP2ZWLEICxA6j+hAmMzIlypy4xcBg1vKVnx89Wy0GbS+kf5cwCVFFzdCFh2XSCFNULS6csw==}
    engines: {node: '>= 0.4'}

  es-object-atoms@1.1.1:
    resolution: {integrity: sha512-FGgH2h8zKNim9ljj7dankFPcICIK9Cp5bm+c2gQSYePhpaG5+esrLODihIorn+Pe6FGJzWhXQotPv73jTaldXA==}
    engines: {node: '>= 0.4'}

  events@3.3.0:
    resolution: {integrity: sha512-mQw+2fkQbALzQ7V0MY0IqdnXNOeTtP4r0lN9z7AAawCXgqea7bDii20AYrIBrFd/Hx0M2Ocz6S111CaFkUcb0Q==}
    engines: {node: '>=0.8.x'}

  for-each@0.3.5:
    resolution: {integrity: sha512-dKx12eRCVIzqCxFGplyFKJMPvLEWgmNtUrpTiJIR5u97zEhRG8ySrtboPHZXx7daLxQVrl643cTzbab2tkQjxg==}
    engines: {node: '>= 0.4'}

  function-bind@1.1.2:
    resolution: {integrity: sha512-7XHNxH7qX9xG5mIwxkhumTox/MIRNcOgDrxWsMt2pAr23WHp6MrRlN7FBSFpCpr+oVO0F744iUgR82nJMfG2SA==}

  generator-function@2.0.1:
    resolution: {integrity: sha512-SFdFmIJi+ybC0vjlHN0ZGVGHc3lgE0DxPAT0djjVg+kjOnSqclqmj0KQ7ykTOLP6YxoqOvuAODGdcHJn+43q3g==}
    engines: {node: '>= 0.4'}

  get-intrinsic@1.3.0:
    resolution: {integrity: sha512-9fSjSaos/fRIVIp+xSJlE6lfwhES7LNtKaCBIamHsjr2na1BiABJPo0mOjjz8GJDURarmCPGqaiVg5mfjb98CQ==}
    engines: {node: '>= 0.4'}

  get-proto@1.0.1:
    resolution: {integrity: sha512-sTSfBjoXBp89JvIKIefqw7U2CCebsc74kiY6awiGogKtoSGbgjYE/G/+l9sF3MWFPNc9IcoOC4ODfKHfxFmp0g==}
    engines: {node: '>= 0.4'}

  glob-to-regex.js@1.2.0:
    resolution: {integrity: sha512-QMwlOQKU/IzqMUOAZWubUOT8Qft+Y0KQWnX9nK3ch0CJg0tTp4TvGZsTfudYKv2NzoQSyPcnA6TYeIQ3jGichQ==}
    engines: {node: '>=10.0'}
    peerDependencies:
      tslib: '2'

  glob@13.0.3:
    resolution: {integrity: sha512-/g3B0mC+4x724v1TgtBlBtt2hPi/EWptsIAmXUx9Z2rvBYleQcsrmaOzd5LyL50jf/Soi83ZDJmw2+XqvH/EeA==}
    engines: {node: 20 || >=22}

  gopd@1.2.0:
    resolution: {integrity: sha512-ZUKRh6/kUFoAiTAtTYPZJ3hw9wNxx+BIBOijnlG9PnrJsCcSjs1wyyD6vJpaYtgnzDrKYRSqf3OO6Rfa93xsRg==}
    engines: {node: '>= 0.4'}

  has-property-descriptors@1.0.2:
    resolution: {integrity: sha512-55JNKuIW+vq4Ke1BjOTjM2YctQIvCT7GFzHwmfZPGo5wnrgkid0YQtnAleFSqumZm4az3n2BS+erby5ipJdgrg==}

  has-symbols@1.1.0:
    resolution: {integrity: sha512-1cDNdwJ2Jaohmb3sg4OmKaMBwuC48sYni5HUw2DvsC8LjGTLK9h+eb1X6RyuOHe4hT0ULCW68iomhjUoKUqlPQ==}
    engines: {node: '>= 0.4'}

  has-tostringtag@1.0.2:
    resolution: {integrity: sha512-NqADB8VjPFLM2V0VvHUewwwsw0ZWBaIdgo+ieHtK3hasLz4qeCRjYcqfB6AQrBggRKppKF8L52/VqdVsO47Dlw==}
    engines: {node: '>= 0.4'}

  hasown@2.0.2:
    resolution: {integrity: sha512-0hJU9SCPvmMzIBdZFqNPXWa6dqh7WdH0cII9y+CyS8rG3nL48Bclra9HmKhVVUHyPWNH5Y7xDwAB7bfgSjkUMQ==}
    engines: {node: '>= 0.4'}

  hyperdyperid@1.2.0:
    resolution: {integrity: sha512-Y93lCzHYgGWdrJ66yIktxiaGULYc6oGiABxhcO5AufBeOyoIdZF7bIfLaOrbM0iGIOXQQgxxRrFEnb+Y6w1n4A==}
    engines: {node: '>=10.18'}

  ieee754@1.2.1:
    resolution: {integrity: sha512-dcyqhDvX1C46lXZcVqCpK+FtMRQVdIMN6/Df5js2zouUsqG7I6sFxitIC+7KYK29KdXOLHdu9zL4sFnoVQnqaA==}

  inherits@2.0.3:
    resolution: {integrity: sha512-x00IRNXNy63jwGkJmzPigoySHbaqpNuzKbBOmzK+g2OdZpQ9w+sxCN+VSB3ja7IAge2OP2qpfxTjeNcyjmW1uw==}

  inherits@2.0.4:
    resolution: {integrity: sha512-k/vGaX4/Yla3WzyMCvTQOXYeIHvqOKtnqBduzTHpzpQZzAskKMhZ2K+EnBiSM9zGSoIFeMpXKxa4dYeZIQqewQ==}

  is-arguments@1.2.0:
    resolution: {integrity: sha512-7bVbi0huj/wrIAOzb8U1aszg9kdi3KN/CyU19CTI7tAoZYEZoL9yCDXpbXN+uPsuWnP02cyug1gleqq+TU+YCA==}
    engines: {node: '>= 0.4'}

  is-callable@1.2.7:
    resolution: {integrity: sha512-1BC0BVFhS/p0qtw6enp8e+8OD0UrK0oFLztSjNzhcKA3WDuJxxAPXzPuPtKkjEY9UUoEWlX/8fgKeu2S8i9JTA==}
    engines: {node: '>= 0.4'}

  is-generator-function@1.1.2:
    resolution: {integrity: sha512-upqt1SkGkODW9tsGNG5mtXTXtECizwtS2kA161M+gJPc1xdb/Ax629af6YrTwcOeQHbewrPNlE5Dx7kzvXTizA==}
    engines: {node: '>= 0.4'}

  is-nan@1.3.2:
    resolution: {integrity: sha512-E+zBKpQ2t6MEo1VsonYmluk9NxGrbzpeeLC2xIViuO2EjU2xsXsBPwTr3Ykv9l08UYEVEdWeRZNouaZqF6RN0w==}
    engines: {node: '>= 0.4'}

  is-plain-obj@4.1.0:
    resolution: {integrity: sha512-+Pgi+vMuUNkJyExiMBt5IlFoMyKnr5zhJ4Uspz58WOhBF5QoIZkFyNHIbBAtHwzVAgk5RtndVNsDRN61/mmDqg==}
    engines: {node: '>=12'}

  is-regex@1.2.1:
    resolution: {integrity: sha512-MjYsKHO5O7mCsmRGxWcLWheFqN9DJ/2TmngvjKXihe6efViPqc274+Fx/4fYj/r03+ESvBdTXK0V6tA3rgez1g==}
    engines: {node: '>= 0.4'}

  is-typed-array@1.1.15:
    resolution: {integrity: sha512-p3EcsicXjit7SaskXHs1hA91QxgTw46Fv6EFKKGS5DRFLD8yKnohjF3hxoju94b/OcMZoQukzpPpBE9uLVKzgQ==}
    engines: {node: '>= 0.4'}

  jackspeak@4.2.3:
    resolution: {integrity: sha512-ykkVRwrYvFm1nb2AJfKKYPr0emF6IiXDYUaFx4Zn9ZuIH7MrzEZ3sD5RlqGXNRpHtvUHJyOnCEFxOlNDtGo7wg==}
    engines: {node: 20 || >=22}

  json5@2.2.3:
    resolution: {integrity: sha512-XmOWe7eyHYH14cLdVPoyg+GOH3rYX++KpzrylJwSW98t3Nk+U8XOl8FWKOgwtzdb8lXGf6zYwDUzeHMWfxasyg==}
    engines: {node: '>=6'}
    hasBin: true

  lru-cache@11.2.6:
    resolution: {integrity: sha512-ESL2CrkS/2wTPfuend7Zhkzo2u0daGJ/A2VucJOgQ/C48S/zB8MMeMHSGKYpXhIjbPxfuezITkaBH1wqv00DDQ==}
    engines: {node: 20 || >=22}

  math-intrinsics@1.1.0:
    resolution: {integrity: sha512-/IXtbwEk5HTPyEwyKX6hGkYXxM9nbj64B+ilVJnC/R6B0pH5G4V3b0pVbL7DBj4tkhBAppbQUlf6F6Xl9LHu1g==}
    engines: {node: '>= 0.4'}

  memfs@4.56.10:
    resolution: {integrity: sha512-eLvzyrwqLHnLYalJP7YZ3wBe79MXktMdfQbvMrVD80K+NhrIukCVBvgP30zTJYEEDh9hZ/ep9z0KOdD7FSHo7w==}
    peerDependencies:
      tslib: '2'

  minimatch@10.2.0:
    resolution: {integrity: sha512-ugkC31VaVg9cF0DFVoADH12k6061zNZkZON+aX8AWsR9GhPcErkcMBceb6znR8wLERM2AkkOxy2nWRLpT9Jq5w==}
    engines: {node: 20 || >=22}

  minipass@7.1.2:
    resolution: {integrity: sha512-qOOzS1cBTWYF4BH8fVePDBOO9iptMnGUEZwNc/cMWnTV2nVLZ7VoNWEPHkYczZA0pdoA7dl6e7FL659nX9S2aw==}
    engines: {node: '>=16 || 14 >=14.17'}

  object-inspect@1.13.4:
    resolution: {integrity: sha512-W67iLl4J2EXEGTbfeHCffrjDfitvLANg0UlX3wFUUSTx92KXRFegMHUVgSqE+wvhAbi4WqjGg9czysTV2Epbew==}
    engines: {node: '>= 0.4'}

  object-is@1.1.6:
    resolution: {integrity: sha512-F8cZ+KfGlSGi09lJT7/Nd6KJZ9ygtvYC0/UYYLI9nmQKLMnydpB9yvbv9K1uSkEu7FU9vYPmVwLg328tX+ot3Q==}
    engines: {node: '>= 0.4'}

  object-keys@1.1.1:
    resolution: {integrity: sha512-NuAESUOUMrlIXOfHKzD6bpPu3tYt3xvjNdRIQ+FeT0lNb4K8WR70CaDxhuNguS2XG+GjkyMwOzsN5ZktImfhLA==}
    engines: {node: '>= 0.4'}

  object.assign@4.1.7:
    resolution: {integrity: sha512-nK28WOo+QIjBkDduTINE4JkF/UJJKyf2EJxvJKfblDpyg0Q+pkOHNTL0Qwy6NP6FhE/EnzV73BxxqcJaXY9anw==}
    engines: {node: '>= 0.4'}

  path-scurry@2.0.1:
    resolution: {integrity: sha512-oWyT4gICAu+kaA7QWk/jvCHWarMKNs6pXOGWKDTr7cw4IGcUbW+PeTfbaQiLGheFRpjo6O9J0PmyMfQPjH71oA==}
    engines: {node: 20 || >=22}

  path-unified@0.2.0:
    resolution: {integrity: sha512-MNKqvrKbbbb5p7XHXV6ZAsf/1f/yJQa13S/fcX0uua8ew58Tgc6jXV+16JyAbnR/clgCH+euKDxrF2STxMHdrg==}

  path@0.12.7:
    resolution: {integrity: sha512-aXXC6s+1w7otVF9UletFkFcDsJeO7lSZBPUQhtb5O0xJe8LtYhj/GxldoL09bBj9+ZmE2hNoHqQSFMN5fikh4Q==}

  possible-typed-array-names@1.1.0:
    resolution: {integrity: sha512-/+5VFTchJDoVj3bhoqi6UeymcD00DAwb1nJwamzPvHEszJ4FpF6SNNbUbOS8yI56qHzdV8eK0qEfOSiodkTdxg==}
    engines: {node: '>= 0.4'}

  prettier@3.8.1:
    resolution: {integrity: sha512-UOnG6LftzbdaHZcKoPFtOcCKztrQ57WkHDeRD9t/PTQtmT0NHSeWWepj6pS0z/N7+08BHFDQVUrfmfMRcZwbMg==}
    engines: {node: '>=14'}
    hasBin: true

  process@0.11.10:
    resolution: {integrity: sha512-cdGef/drWFoydD1JsMzuFf8100nZl+GT+yacc2bEced5f9Rjk4z+WtFUTBu9PhOi9j/jfmBPu0mMEY4wIdAF8A==}
    engines: {node: '>= 0.6.0'}

  punycode@1.4.1:
    resolution: {integrity: sha512-jmYNElW7yvO7TV33CjSmvSiE2yco3bV2czu/OzDKdMNVZQWfxCblURLhf+47syQRBntjfLdd/H0egrzIG+oaFQ==}

  qs@6.15.0:
    resolution: {integrity: sha512-mAZTtNCeetKMH+pSjrb76NAM8V9a05I9aBZOHztWy/UqcJdQYNsf59vrRKWnojAT9Y+GbIvoTBC++CPHqpDBhQ==}
    engines: {node: '>=0.6'}

  react-dom@19.2.4:
    resolution: {integrity: sha512-AXJdLo8kgMbimY95O2aKQqsz2iWi9jMgKJhRBAxECE4IFxfcazB2LmzloIoibJI3C12IlY20+KFaLv+71bUJeQ==}
    peerDependencies:
      react: ^19.2.4

  react@19.2.4:
    resolution: {integrity: sha512-9nfp2hYpCwOjAN+8TZFGhtWEwgvWHXqESH8qT89AT/lWklpLON22Lc8pEtnpsZz7VmawabSU0gCjnj8aC0euHQ==}
    engines: {node: '>=0.10.0'}

  safe-buffer@5.2.1:
    resolution: {integrity: sha512-rp3So07KcdmmKbGvgaNxQSJr7bGVSVk5S9Eq1F+ppbRo70+YeaDxkw5Dd8NPN+GD6bjnYm2VuPuCXmpuYvmCXQ==}

  safe-regex-test@1.1.0:
    resolution: {integrity: sha512-x/+Cz4YrimQxQccJf5mKEbIa1NzeCRNI5Ecl/ekmlYaampdNLPalVyIcCZNNH3MvmqBugV5TMYZXv0ljslUlaw==}
    engines: {node: '>= 0.4'}

  scheduler@0.27.0:
    resolution: {integrity: sha512-eNv+WrVbKu1f3vbYJT/xtiF5syA5HPIMtf9IgY/nKg0sWqzAUEvqY/xm7OcZc/qafLx/iO9FgOmeSAp4v5ti/Q==}

  set-function-length@1.2.2:
    resolution: {integrity: sha512-pgRc4hJ4/sNjWCSS9AmnS40x3bNMDTknHgL5UaMBTMyJnU90EgWh1Rz+MC9eFu4BuN/UwZjKQuY/1v3rM7HMfg==}
    engines: {node: '>= 0.4'}

  side-channel-list@1.0.0:
    resolution: {integrity: sha512-FCLHtRD/gnpCiCHEiJLOwdmFP+wzCmDEkc9y7NsYxeF4u7Btsn1ZuwgwJGxImImHicJArLP4R0yX4c2KCrMrTA==}
    engines: {node: '>= 0.4'}

  side-channel-map@1.0.1:
    resolution: {integrity: sha512-VCjCNfgMsby3tTdo02nbjtM/ewra6jPHmpThenkTYh8pG9ucZ/1P8So4u4FGBek/BjpOVsDCMoLA/iuBKIFXRA==}
    engines: {node: '>= 0.4'}

  side-channel-weakmap@1.0.2:
    resolution: {integrity: sha512-WPS/HvHQTYnHisLo9McqBHOJk2FkHO/tlpvldyrnem4aeQp4hai3gythswg6p01oSoTl58rcpiFAjF2br2Ak2A==}
    engines: {node: '>= 0.4'}

  side-channel@1.1.0:
    resolution: {integrity: sha512-ZX99e6tRweoUXqR+VBrslhda51Nh5MTQwou5tnUDgbtyM0dBgmhEDtWGP/xbKn6hqfPRHujUNwz5fy/wbbhnpw==}
    engines: {node: '>= 0.4'}

  stream@0.0.3:
    resolution: {integrity: sha512-aMsbn7VKrl4A2T7QAQQbzgN7NVc70vgF5INQrBXqn4dCXN1zy3L9HGgLO5s7PExmdrzTJ8uR/27aviW8or8/+A==}

  string_decoder@1.3.0:
    resolution: {integrity: sha512-hkRX8U1WjJFd8LsDJ2yQ/wWWxaopEsABU1XfkM8A+j0+85JAGppt16cr1Whg6KIbb4okU6Mql6BOj+uup/wKeA==}

  style-dictionary@5.3.1:
    resolution: {integrity: sha512-JERfy+PNhIaG+EUSHyeznruSaaQpfHZO6kcxRYGPh3HZ3zNKiOJxp3tL4liQCzLTUBwf1geofMjQlVADR26vXA==}
    engines: {node: '>=22.0.0'}
    hasBin: true

  thingies@2.5.0:
    resolution: {integrity: sha512-s+2Bwztg6PhWUD7XMfeYm5qliDdSiZm7M7n8KjTkIsm3l/2lgVRc2/Gx/v+ZX8lT4FMA+i8aQvhcWylldc+ZNw==}
    engines: {node: '>=10.18'}
    peerDependencies:
      tslib: ^2

  tinycolor2@1.6.0:
    resolution: {integrity: sha512-XPaBkWQJdsf3pLKJV9p4qN/S+fm2Oj8AIPo1BTUhg5oxkvm9+SVEGFdhyOz7tTdUTfvxMiAs4sp6/eZO2Ew+pw==}

  tree-dump@1.1.0:
    resolution: {integrity: sha512-rMuvhU4MCDbcbnleZTFezWsaZXRFemSqAM+7jPnzUl1fo9w3YEKOxAeui0fz3OI4EU4hf23iyA7uQRVko+UaBA==}
    engines: {node: '>=10.0'}
    peerDependencies:
      tslib: '2'

  tslib@2.8.1:
    resolution: {integrity: sha512-oJFu94HQb+KVduSUQL7wnpmqnfmLsOA/nAh6b6EH0wCEoK0/mPeXU6c3wKDV83MkOuHPRHtSXKKU99IBazS/2w==}

  turbo-darwin-64@2.8.9:
    resolution: {integrity: sha512-KnCw1ZI9KTnEAhdI9avZrnZ/z4wsM++flMA1w8s8PKOqi5daGpFV36qoPafg4S8TmYMe52JPWEoFr0L+lQ5JIw==}
    cpu: [x64]
    os: [darwin]

  turbo-darwin-arm64@2.8.9:
    resolution: {integrity: sha512-CbD5Y2NKJKBXTOZ7z7Cc7vGlFPZkYjApA7ri9lH4iFwKV1X7MoZswh9gyRLetXYWImVX1BqIvP8KftulJg/wIA==}
    cpu: [arm64]
    os: [darwin]

  turbo-linux-64@2.8.9:
    resolution: {integrity: sha512-OXC9HdCtsHvyH+5KUoH8ds+p5WU13vdif0OPbsFzZca4cUXMwKA3HWwUuCgQetk0iAE4cscXpi/t8A263n3VTg==}
    cpu: [x64]
    os: [linux]

  turbo-linux-arm64@2.8.9:
    resolution: {integrity: sha512-yI5n8jNXiFA6+CxnXG0gO7h5ZF1+19K8uO3/kXPQmyl37AdiA7ehKJQOvf9OPAnmkGDHcF2HSCPltabERNRmug==}
    cpu: [arm64]
    os: [linux]

  turbo-windows-64@2.8.9:
    resolution: {integrity: sha512-/OztzeGftJAg258M/9vK2ZCkUKUzqrWXJIikiD2pm8TlqHcIYUmepDbyZSDfOiUjMy6NzrLFahpNLnY7b5vNgg==}
    cpu: [x64]
    os: [win32]

  turbo-windows-arm64@2.8.9:
    resolution: {integrity: sha512-xZ2VTwVTjIqpFZKN4UBxDHCPM3oJ2J5cpRzCBSmRpJ/Pn33wpiYjs+9FB2E03svKaD04/lSSLlEUej0UYsugfg==}
    cpu: [arm64]
    os: [win32]

  turbo@2.8.9:
    resolution: {integrity: sha512-G+Mq8VVQAlpz/0HTsxiNNk/xywaHGl+dk1oiBREgOEVCCDjXInDlONWUn5srRnC9s5tdHTFD1bx1N19eR4hI+g==}
    hasBin: true

  typescript@5.9.3:
    resolution: {integrity: sha512-jl1vZzPDinLr9eUt3J/t7V6FgNEw9QjvBPdysz9KfQDD41fQrC2Y4vKQdiaUpFT4bXlb1RHhLpp8wtm6M5TgSw==}
    engines: {node: '>=14.17'}
    hasBin: true

  url@0.11.4:
    resolution: {integrity: sha512-oCwdVC7mTuWiPyjLUz/COz5TLk6wgp0RCsN+wHZ2Ekneac9w8uuV0njcbbie2ME+Vs+d6duwmYuR3HgQXs1fOg==}
    engines: {node: '>= 0.4'}

  util@0.10.4:
    resolution: {integrity: sha512-0Pm9hTQ3se5ll1XihRic3FDIku70C+iHUdT/W926rSgHV5QgXsYbKZN8MSC3tJtSkhuROzvsQjAaFENRXr+19A==}

  util@0.12.5:
    resolution: {integrity: sha512-kZf/K6hEIrWHI6XqOFUiiMa+79wE/D8Q+NCNAWclkyg3b4d2k7s0QGepNjiABc+aR3N1PAyHL7p6UcLY6LmrnA==}

  which-typed-array@1.1.20:
    resolution: {integrity: sha512-LYfpUkmqwl0h9A2HL09Mms427Q1RZWuOHsukfVcKRq9q95iQxdw0ix1JQrqbcDR9PH1QDwf5Qo8OZb5lksZ8Xg==}
    engines: {node: '>= 0.4'}

snapshots:

  '@bundled-es-modules/deepmerge@4.3.1':
    dependencies:
      deepmerge: 4.3.1

  '@bundled-es-modules/glob@13.0.3':
    dependencies:
      buffer: 6.0.3
      events: 3.3.0
      glob: 13.0.3
      path: 0.12.7
      stream: 0.0.3
      string_decoder: 1.3.0
      url: 0.11.4

  '@bundled-es-modules/memfs@4.17.0(tslib@2.8.1)':
    dependencies:
      assert: 2.1.0
      buffer: 6.0.3
      events: 3.3.0
      memfs: 4.56.10(tslib@2.8.1)
      path: 0.12.7
      stream: 0.0.3
      util: 0.12.5
    transitivePeerDependencies:
      - tslib

  '@isaacs/cliui@9.0.0': {}

  '@jsonjoy.com/base64@1.1.2(tslib@2.8.1)':
    dependencies:
      tslib: 2.8.1

  '@jsonjoy.com/base64@17.67.0(tslib@2.8.1)':
    dependencies:
      tslib: 2.8.1

  '@jsonjoy.com/buffers@1.2.1(tslib@2.8.1)':
    dependencies:
      tslib: 2.8.1

  '@jsonjoy.com/buffers@17.67.0(tslib@2.8.1)':
    dependencies:
      tslib: 2.8.1

  '@jsonjoy.com/codegen@1.0.0(tslib@2.8.1)':
    dependencies:
      tslib: 2.8.1

  '@jsonjoy.com/codegen@17.67.0(tslib@2.8.1)':
    dependencies:
      tslib: 2.8.1

  '@jsonjoy.com/fs-core@4.56.10(tslib@2.8.1)':
    dependencies:
      '@jsonjoy.com/fs-node-builtins': 4.56.10(tslib@2.8.1)
      '@jsonjoy.com/fs-node-utils': 4.56.10(tslib@2.8.1)
      thingies: 2.5.0(tslib@2.8.1)
      tslib: 2.8.1

  '@jsonjoy.com/fs-fsa@4.56.10(tslib@2.8.1)':
    dependencies:
      '@jsonjoy.com/fs-core': 4.56.10(tslib@2.8.1)
      '@jsonjoy.com/fs-node-builtins': 4.56.10(tslib@2.8.1)
      '@jsonjoy.com/fs-node-utils': 4.56.10(tslib@2.8.1)
      thingies: 2.5.0(tslib@2.8.1)
      tslib: 2.8.1

  '@jsonjoy.com/fs-node-builtins@4.56.10(tslib@2.8.1)':
    dependencies:
      tslib: 2.8.1

  '@jsonjoy.com/fs-node-to-fsa@4.56.10(tslib@2.8.1)':
    dependencies:
      '@jsonjoy.com/fs-fsa': 4.56.10(tslib@2.8.1)
      '@jsonjoy.com/fs-node-builtins': 4.56.10(tslib@2.8.1)
      '@jsonjoy.com/fs-node-utils': 4.56.10(tslib@2.8.1)
      tslib: 2.8.1

  '@jsonjoy.com/fs-node-utils@4.56.10(tslib@2.8.1)':
    dependencies:
      '@jsonjoy.com/fs-node-builtins': 4.56.10(tslib@2.8.1)
      tslib: 2.8.1

  '@jsonjoy.com/fs-node@4.56.10(tslib@2.8.1)':
    dependencies:
      '@jsonjoy.com/fs-core': 4.56.10(tslib@2.8.1)
      '@jsonjoy.com/fs-node-builtins': 4.56.10(tslib@2.8.1)
      '@jsonjoy.com/fs-node-utils': 4.56.10(tslib@2.8.1)
      '@jsonjoy.com/fs-print': 4.56.10(tslib@2.8.1)
      '@jsonjoy.com/fs-snapshot': 4.56.10(tslib@2.8.1)
      glob-to-regex.js: 1.2.0(tslib@2.8.1)
      thingies: 2.5.0(tslib@2.8.1)
      tslib: 2.8.1

  '@jsonjoy.com/fs-print@4.56.10(tslib@2.8.1)':
    dependencies:
      '@jsonjoy.com/fs-node-utils': 4.56.10(tslib@2.8.1)
      tree-dump: 1.1.0(tslib@2.8.1)
      tslib: 2.8.1

  '@jsonjoy.com/fs-snapshot@4.56.10(tslib@2.8.1)':
    dependencies:
      '@jsonjoy.com/buffers': 17.67.0(tslib@2.8.1)
      '@jsonjoy.com/fs-node-utils': 4.56.10(tslib@2.8.1)
      '@jsonjoy.com/json-pack': 17.67.0(tslib@2.8.1)
      '@jsonjoy.com/util': 17.67.0(tslib@2.8.1)
      tslib: 2.8.1

  '@jsonjoy.com/json-pack@1.21.0(tslib@2.8.1)':
    dependencies:
      '@jsonjoy.com/base64': 1.1.2(tslib@2.8.1)
      '@jsonjoy.com/buffers': 1.2.1(tslib@2.8.1)
      '@jsonjoy.com/codegen': 1.0.0(tslib@2.8.1)
      '@jsonjoy.com/json-pointer': 1.0.2(tslib@2.8.1)
      '@jsonjoy.com/util': 1.9.0(tslib@2.8.1)
      hyperdyperid: 1.2.0
      thingies: 2.5.0(tslib@2.8.1)
      tree-dump: 1.1.0(tslib@2.8.1)
      tslib: 2.8.1

  '@jsonjoy.com/json-pack@17.67.0(tslib@2.8.1)':
    dependencies:
      '@jsonjoy.com/base64': 17.67.0(tslib@2.8.1)
      '@jsonjoy.com/buffers': 17.67.0(tslib@2.8.1)
      '@jsonjoy.com/codegen': 17.67.0(tslib@2.8.1)
      '@jsonjoy.com/json-pointer': 17.67.0(tslib@2.8.1)
      '@jsonjoy.com/util': 17.67.0(tslib@2.8.1)
      hyperdyperid: 1.2.0
      thingies: 2.5.0(tslib@2.8.1)
      tree-dump: 1.1.0(tslib@2.8.1)
      tslib: 2.8.1

  '@jsonjoy.com/json-pointer@1.0.2(tslib@2.8.1)':
    dependencies:
      '@jsonjoy.com/codegen': 1.0.0(tslib@2.8.1)
      '@jsonjoy.com/util': 1.9.0(tslib@2.8.1)
      tslib: 2.8.1

  '@jsonjoy.com/json-pointer@17.67.0(tslib@2.8.1)':
    dependencies:
      '@jsonjoy.com/util': 17.67.0(tslib@2.8.1)
      tslib: 2.8.1

  '@jsonjoy.com/util@1.9.0(tslib@2.8.1)':
    dependencies:
      '@jsonjoy.com/buffers': 1.2.1(tslib@2.8.1)
      '@jsonjoy.com/codegen': 1.0.0(tslib@2.8.1)
      tslib: 2.8.1

  '@jsonjoy.com/util@17.67.0(tslib@2.8.1)':
    dependencies:
      '@jsonjoy.com/buffers': 17.67.0(tslib@2.8.1)
      '@jsonjoy.com/codegen': 17.67.0(tslib@2.8.1)
      tslib: 2.8.1

  '@zip.js/zip.js@2.8.20': {}

  assert@2.1.0:
    dependencies:
      call-bind: 1.0.8
      is-nan: 1.3.2
      object-is: 1.1.6
      object.assign: 4.1.7
      util: 0.12.5

  available-typed-arrays@1.0.7:
    dependencies:
      possible-typed-array-names: 1.1.0

  balanced-match@4.0.2:
    dependencies:
      jackspeak: 4.2.3

  base64-js@1.5.1: {}

  brace-expansion@5.0.2:
    dependencies:
      balanced-match: 4.0.2

  buffer@6.0.3:
    dependencies:
      base64-js: 1.5.1
      ieee754: 1.2.1

  call-bind-apply-helpers@1.0.2:
    dependencies:
      es-errors: 1.3.0
      function-bind: 1.1.2

  call-bind@1.0.8:
    dependencies:
      call-bind-apply-helpers: 1.0.2
      es-define-property: 1.0.1
      get-intrinsic: 1.3.0
      set-function-length: 1.2.2

  call-bound@1.0.4:
    dependencies:
      call-bind-apply-helpers: 1.0.2
      get-intrinsic: 1.3.0

  chalk@5.6.2: {}

  change-case@5.4.4: {}

  colorjs.io@0.5.2: {}

  commander@12.1.0: {}

  component-emitter@2.0.0: {}

  deepmerge@4.3.1: {}

  define-data-property@1.1.4:
    dependencies:
      es-define-property: 1.0.1
      es-errors: 1.3.0
      gopd: 1.2.0

  define-properties@1.2.1:
    dependencies:
      define-data-property: 1.1.4
      has-property-descriptors: 1.0.2
      object-keys: 1.1.1

  dunder-proto@1.0.1:
    dependencies:
      call-bind-apply-helpers: 1.0.2
      es-errors: 1.3.0
      gopd: 1.2.0

  es-define-property@1.0.1: {}

  es-errors@1.3.0: {}

  es-object-atoms@1.1.1:
    dependencies:
      es-errors: 1.3.0

  events@3.3.0: {}

  for-each@0.3.5:
    dependencies:
      is-callable: 1.2.7

  function-bind@1.1.2: {}

  generator-function@2.0.1: {}

  get-intrinsic@1.3.0:
    dependencies:
      call-bind-apply-helpers: 1.0.2
      es-define-property: 1.0.1
      es-errors: 1.3.0
      es-object-atoms: 1.1.1
      function-bind: 1.1.2
      get-proto: 1.0.1
      gopd: 1.2.0
      has-symbols: 1.1.0
      hasown: 2.0.2
      math-intrinsics: 1.1.0

  get-proto@1.0.1:
    dependencies:
      dunder-proto: 1.0.1
      es-object-atoms: 1.1.1

  glob-to-regex.js@1.2.0(tslib@2.8.1):
    dependencies:
      tslib: 2.8.1

  glob@13.0.3:
    dependencies:
      minimatch: 10.2.0
      minipass: 7.1.2
      path-scurry: 2.0.1

  gopd@1.2.0: {}

  has-property-descriptors@1.0.2:
    dependencies:
      es-define-property: 1.0.1

  has-symbols@1.1.0: {}

  has-tostringtag@1.0.2:
    dependencies:
      has-symbols: 1.1.0

  hasown@2.0.2:
    dependencies:
      function-bind: 1.1.2

  hyperdyperid@1.2.0: {}

  ieee754@1.2.1: {}

  inherits@2.0.3: {}

  inherits@2.0.4: {}

  is-arguments@1.2.0:
    dependencies:
      call-bound: 1.0.4
      has-tostringtag: 1.0.2

  is-callable@1.2.7: {}

  is-generator-function@1.1.2:
    dependencies:
      call-bound: 1.0.4
      generator-function: 2.0.1
      get-proto: 1.0.1
      has-tostringtag: 1.0.2
      safe-regex-test: 1.1.0

  is-nan@1.3.2:
    dependencies:
      call-bind: 1.0.8
      define-properties: 1.2.1

  is-plain-obj@4.1.0: {}

  is-regex@1.2.1:
    dependencies:
      call-bound: 1.0.4
      gopd: 1.2.0
      has-tostringtag: 1.0.2
      hasown: 2.0.2

  is-typed-array@1.1.15:
    dependencies:
      which-typed-array: 1.1.20

  jackspeak@4.2.3:
    dependencies:
      '@isaacs/cliui': 9.0.0

  json5@2.2.3: {}

  lru-cache@11.2.6: {}

  math-intrinsics@1.1.0: {}

  memfs@4.56.10(tslib@2.8.1):
    dependencies:
      '@jsonjoy.com/fs-core': 4.56.10(tslib@2.8.1)
      '@jsonjoy.com/fs-fsa': 4.56.10(tslib@2.8.1)
      '@jsonjoy.com/fs-node': 4.56.10(tslib@2.8.1)
      '@jsonjoy.com/fs-node-builtins': 4.56.10(tslib@2.8.1)
      '@jsonjoy.com/fs-node-to-fsa': 4.56.10(tslib@2.8.1)
      '@jsonjoy.com/fs-node-utils': 4.56.10(tslib@2.8.1)
      '@jsonjoy.com/fs-print': 4.56.10(tslib@2.8.1)
      '@jsonjoy.com/fs-snapshot': 4.56.10(tslib@2.8.1)
      '@jsonjoy.com/json-pack': 1.21.0(tslib@2.8.1)
      '@jsonjoy.com/util': 1.9.0(tslib@2.8.1)
      glob-to-regex.js: 1.2.0(tslib@2.8.1)
      thingies: 2.5.0(tslib@2.8.1)
      tree-dump: 1.1.0(tslib@2.8.1)
      tslib: 2.8.1

  minimatch@10.2.0:
    dependencies:
      brace-expansion: 5.0.2

  minipass@7.1.2: {}

  object-inspect@1.13.4: {}

  object-is@1.1.6:
    dependencies:
      call-bind: 1.0.8
      define-properties: 1.2.1

  object-keys@1.1.1: {}

  object.assign@4.1.7:
    dependencies:
      call-bind: 1.0.8
      call-bound: 1.0.4
      define-properties: 1.2.1
      es-object-atoms: 1.1.1
      has-symbols: 1.1.0
      object-keys: 1.1.1

  path-scurry@2.0.1:
    dependencies:
      lru-cache: 11.2.6
      minipass: 7.1.2

  path-unified@0.2.0: {}

  path@0.12.7:
    dependencies:
      process: 0.11.10
      util: 0.10.4

  possible-typed-array-names@1.1.0: {}

  prettier@3.8.1: {}

  process@0.11.10: {}

  punycode@1.4.1: {}

  qs@6.15.0:
    dependencies:
      side-channel: 1.1.0

  react-dom@19.2.4(react@19.2.4):
    dependencies:
      react: 19.2.4
      scheduler: 0.27.0

  react@19.2.4: {}

  safe-buffer@5.2.1: {}

  safe-regex-test@1.1.0:
    dependencies:
      call-bound: 1.0.4
      es-errors: 1.3.0
      is-regex: 1.2.1

  scheduler@0.27.0: {}

  set-function-length@1.2.2:
    dependencies:
      define-data-property: 1.1.4
      es-errors: 1.3.0
      function-bind: 1.1.2
      get-intrinsic: 1.3.0
      gopd: 1.2.0
      has-property-descriptors: 1.0.2

  side-channel-list@1.0.0:
    dependencies:
      es-errors: 1.3.0
      object-inspect: 1.13.4

  side-channel-map@1.0.1:
    dependencies:
      call-bound: 1.0.4
      es-errors: 1.3.0
      get-intrinsic: 1.3.0
      object-inspect: 1.13.4

  side-channel-weakmap@1.0.2:
    dependencies:
      call-bound: 1.0.4
      es-errors: 1.3.0
      get-intrinsic: 1.3.0
      object-inspect: 1.13.4
      side-channel-map: 1.0.1

  side-channel@1.1.0:
    dependencies:
      es-errors: 1.3.0
      object-inspect: 1.13.4
      side-channel-list: 1.0.0
      side-channel-map: 1.0.1
      side-channel-weakmap: 1.0.2

  stream@0.0.3:
    dependencies:
      component-emitter: 2.0.0

  string_decoder@1.3.0:
    dependencies:
      safe-buffer: 5.2.1

  style-dictionary@5.3.1(tslib@2.8.1):
    dependencies:
      '@bundled-es-modules/deepmerge': 4.3.1
      '@bundled-es-modules/glob': 13.0.3
      '@bundled-es-modules/memfs': 4.17.0(tslib@2.8.1)
      '@zip.js/zip.js': 2.8.20
      chalk: 5.6.2
      change-case: 5.4.4
      colorjs.io: 0.5.2
      commander: 12.1.0
      is-plain-obj: 4.1.0
      json5: 2.2.3
      path-unified: 0.2.0
      prettier: 3.8.1
      tinycolor2: 1.6.0
    transitivePeerDependencies:
      - tslib

  thingies@2.5.0(tslib@2.8.1):
    dependencies:
      tslib: 2.8.1

  tinycolor2@1.6.0: {}

  tree-dump@1.1.0(tslib@2.8.1):
    dependencies:
      tslib: 2.8.1

  tslib@2.8.1: {}

  turbo-darwin-64@2.8.9:
    optional: true

  turbo-darwin-arm64@2.8.9:
    optional: true

  turbo-linux-64@2.8.9:
    optional: true

  turbo-linux-arm64@2.8.9:
    optional: true

  turbo-windows-64@2.8.9:
    optional: true

  turbo-windows-arm64@2.8.9:
    optional: true

  turbo@2.8.9:
    optionalDependencies:
      turbo-darwin-64: 2.8.9
      turbo-darwin-arm64: 2.8.9
      turbo-linux-64: 2.8.9
      turbo-linux-arm64: 2.8.9
      turbo-windows-64: 2.8.9
      turbo-windows-arm64: 2.8.9

  typescript@5.9.3: {}

  url@0.11.4:
    dependencies:
      punycode: 1.4.1
      qs: 6.15.0

  util@0.10.4:
    dependencies:
      inherits: 2.0.3

  util@0.12.5:
    dependencies:
      inherits: 2.0.4
      is-arguments: 1.2.0
      is-generator-function: 1.1.2
      is-typed-array: 1.1.15
      which-typed-array: 1.1.20

  which-typed-array@1.1.20:
    dependencies:
      available-typed-arrays: 1.0.7
      call-bind: 1.0.8
      call-bound: 1.0.4
      for-each: 0.3.5
      get-proto: 1.0.1
      gopd: 1.2.0
      has-tostringtag: 1.0.2
